
Microsoft Visual Studio Solution File, Format Version 12.00
# Visual Studio Version 17
VisualStudioVersion = 17.4.33205.214
MinimumVisualStudioVersion = 10.0.40219.1
Project("{FAE04EC0-301F-11D3-BF4B-00C04F79EFBC}") = "Week8EpicGame", "Week8EpicGame\Week8EpicGame.csproj", "{C37C2512-D702-4DCF-8C98-26FC24A8BC5F}"
EndProject
Global
	GlobalSection(SolutionConfigurationPlatforms) = preSolution
		Debug|Any CPU = Debug|Any CPU
		Release|Any CPU = Release|Any CPU
	EndGlobalSection
	GlobalSection(ProjectConfigurationPlatforms) = postSolution
		{C37C2512-D702-4DCF-8C98-26FC24A8BC5F}.Debug|Any CPU.ActiveCfg = Debug|Any CPU
		{C37C2512-D702-4DCF-8C98-26FC24A8BC5F}.Debug|Any CPU.Build.0 = Debug|Any CPU
		{C37C2512-D702-4DCF-8C98-26FC24A8BC5F}.Release|Any CPU.ActiveCfg = Release|Any CPU
		{C37C2512-D702-4DCF-8C98-26FC24A8BC5F}.Release|Any CPU.Build.0 = Release|Any CPU
	EndGlobalSection
	GlobalSection(SolutionProperties) = preSolution
		HideSolutionNode = FALSE
	EndGlobalSection
	GlobalSection(ExtensibilityGlobals) = postSolution
		SolutionGuid = {97F42D7D-C8EB-40CF-B9A5-ECF30DD50FBF}
	EndGlobalSection
EndGlobal
